
Microsoft Visual Studio Solution File, Format Version 12.00
# Visual Studio 15
VisualStudioVersion = 15.0.26730.10
MinimumVisualStudioVersion = 10.0.40219.1
Project("{888888A0-9F3D-457C-B088-3A5042F75D52}") = "naivebayes", "naivebayes.pyproj", "{43337950-A680-4C63-AC7F-191EA533B41C}"
EndProject
Project("{2150E333-8FDC-42A3-9474-1A3956D46DE8}") = "Solution Items", "Solution Items", "{3310E694-5225-4163-8F38-E263523F098B}"
	ProjectSection(SolutionItems) = preProject
		readme.md = readme.md
	EndProjectSection
EndProject
Global
	GlobalSection(SolutionConfigurationPlatforms) = preSolution
		Debug|Any CPU = Debug|Any CPU
		Release|Any CPU = Release|Any CPU
	EndGlobalSection
	GlobalSection(ProjectConfigurationPlatforms) = postSolution
		{43337950-A680-4C63-AC7F-191EA533B41C}.Debug|Any CPU.ActiveCfg = Debug|Any CPU
		{43337950-A680-4C63-AC7F-191EA533B41C}.Debug|Any CPU.Build.0 = Debug|Any CPU
		{43337950-A680-4C63-AC7F-191EA533B41C}.Release|Any CPU.ActiveCfg = Release|Any CPU
		{43337950-A680-4C63-AC7F-191EA533B41C}.Release|Any CPU.Build.0 = Release|Any CPU
	EndGlobalSection
	GlobalSection(SolutionProperties) = preSolution
		HideSolutionNode = FALSE
	EndGlobalSection
	GlobalSection(ExtensibilityGlobals) = postSolution
		SolutionGuid = {0A409AE4-13AD-4169-BBEA-D900C9B6D34E}
	EndGlobalSection
EndGlobal
